
Microsoft Visual Studio Solution File, Format Version 12.00
# Visual Studio Version 17
VisualStudioVersion = 17.0.31903.59
MinimumVisualStudioVersion = 10.0.40219.1
Project("{FAE04EC0-301F-11D3-BF4B-00C04F79EFBC}") = "Hub.Core", "Hub.Core\Hub.Core.csproj", "{7CB2987D-7DFC-42E0-B47B-3BD7A1EAF8A5}"
EndProject
Project("{FAE04EC0-301F-11D3-BF4B-00C04F79EFBC}") = "Hub.Data", "Hub.Data\Hub.Data.csproj", "{0A8A1387-D0E1-4D25-8768-2369E036078E}"
EndProject
Project("{FAE04EC0-301F-11D3-BF4B-00C04F79EFBC}") = "Hub.Domain", "Hub.Domain\Hub.Domain.csproj", "{FC5516F8-36BF-442F-91F1-EEC9A89545F4}"
EndProject
Project("{FAE04EC0-301F-11D3-BF4B-00C04F79EFBC}") = "Hub.Integrations", "Hub.Integrations\Hub.Integrations.csproj", "{172260FD-53BE-4DFA-B244-60EFB9D40DAB}"
EndProject
Project("{FAE04EC0-301F-11D3-BF4B-00C04F79EFBC}") = "Hub.Api", "Hub.Api\Hub.Api.csproj", "{69B7CB1E-8FCA-4D8D-91C4-9E8E1F1854D7}"
EndProject
Project("{FAE04EC0-301F-11D3-BF4B-00C04F79EFBC}") = "Hub.App", "Hub.App\Hub.App.csproj", "{B8B9EE71-D495-4C43-A676-B327A1F11D55}"
EndProject
Global
	GlobalSection(SolutionConfigurationPlatforms) = preSolution
		Debug|Any CPU = Debug|Any CPU
		Release|Any CPU = Release|Any CPU
	EndGlobalSection
	GlobalSection(SolutionProperties) = preSolution
		HideSolutionNode = FALSE
	EndGlobalSection
	GlobalSection(ProjectConfigurationPlatforms) = postSolution
		{7CB2987D-7DFC-42E0-B47B-3BD7A1EAF8A5}.Debug|Any CPU.ActiveCfg = Debug|Any CPU
		{7CB2987D-7DFC-42E0-B47B-3BD7A1EAF8A5}.Debug|Any CPU.Build.0 = Debug|Any CPU
		{7CB2987D-7DFC-42E0-B47B-3BD7A1EAF8A5}.Release|Any CPU.ActiveCfg = Release|Any CPU
		{7CB2987D-7DFC-42E0-B47B-3BD7A1EAF8A5}.Release|Any CPU.Build.0 = Release|Any CPU
		{0A8A1387-D0E1-4D25-8768-2369E036078E}.Debug|Any CPU.ActiveCfg = Debug|Any CPU
		{0A8A1387-D0E1-4D25-8768-2369E036078E}.Debug|Any CPU.Build.0 = Debug|Any CPU
		{0A8A1387-D0E1-4D25-8768-2369E036078E}.Release|Any CPU.ActiveCfg = Release|Any CPU
		{0A8A1387-D0E1-4D25-8768-2369E036078E}.Release|Any CPU.Build.0 = Release|Any CPU
		{FC5516F8-36BF-442F-91F1-EEC9A89545F4}.Debug|Any CPU.ActiveCfg = Debug|Any CPU
		{FC5516F8-36BF-442F-91F1-EEC9A89545F4}.Debug|Any CPU.Build.0 = Debug|Any CPU
		{FC5516F8-36BF-442F-91F1-EEC9A89545F4}.Release|Any CPU.ActiveCfg = Release|Any CPU
		{FC5516F8-36BF-442F-91F1-EEC9A89545F4}.Release|Any CPU.Build.0 = Release|Any CPU
		{172260FD-53BE-4DFA-B244-60EFB9D40DAB}.Debug|Any CPU.ActiveCfg = Debug|Any CPU
		{172260FD-53BE-4DFA-B244-60EFB9D40DAB}.Debug|Any CPU.Build.0 = Debug|Any CPU
		{172260FD-53BE-4DFA-B244-60EFB9D40DAB}.Release|Any CPU.ActiveCfg = Release|Any CPU
		{172260FD-53BE-4DFA-B244-60EFB9D40DAB}.Release|Any CPU.Build.0 = Release|Any CPU
		{69B7CB1E-8FCA-4D8D-91C4-9E8E1F1854D7}.Debug|Any CPU.ActiveCfg = Debug|Any CPU
		{69B7CB1E-8FCA-4D8D-91C4-9E8E1F1854D7}.Debug|Any CPU.Build.0 = Debug|Any CPU
		{69B7CB1E-8FCA-4D8D-91C4-9E8E1F1854D7}.Release|Any CPU.ActiveCfg = Release|Any CPU
		{69B7CB1E-8FCA-4D8D-91C4-9E8E1F1854D7}.Release|Any CPU.Build.0 = Release|Any CPU
		{B8B9EE71-D495-4C43-A676-B327A1F11D55}.Debug|Any CPU.ActiveCfg = Debug|Any CPU
		{B8B9EE71-D495-4C43-A676-B327A1F11D55}.Debug|Any CPU.Build.0 = Debug|Any CPU
		{B8B9EE71-D495-4C43-A676-B327A1F11D55}.Release|Any CPU.ActiveCfg = Release|Any CPU
		{B8B9EE71-D495-4C43-A676-B327A1F11D55}.Release|Any CPU.Build.0 = Release|Any CPU
	EndGlobalSection
EndGlobal
